
Microsoft Visual Studio Solution File, Format Version 12.00
# Visual Studio Version 16
VisualStudioVersion = 16.6.30114.105
MinimumVisualStudioVersion = 10.0.40219.1
Project("{9A19103F-16F7-4668-BE54-9A1E7A4F7556}") = "Th.Templete.WebAPI", "Src\Th.Templete.WebAPI\Th.Templete.WebAPI.csproj", "{0E4F277F-F95B-4B6C-A0F1-3F62960BFEE4}"
EndProject
Project("{FAE04EC0-301F-11D3-BF4B-00C04F79EFBC}") = "Th.Templete.Application", "Src\Th.Templete.Application\Th.Templete.Application.csproj", "{C2FC0D8B-E248-4314-8714-BC26EA719706}"
EndProject
Project("{2150E333-8FDC-42A3-9474-1A3956D46DE8}") = "Src", "Src", "{AF690F7F-A3F4-43DA-B488-6723CDB25018}"
EndProject
Project("{FAE04EC0-301F-11D3-BF4B-00C04F79EFBC}") = "Th.Templete.Application.Contract", "Src\Th.Templete.Application.Contract\Th.Templete.Application.Contract.csproj", "{018C95E7-9147-4E1D-85B1-54B43DDA8CC5}"
EndProject
Project("{FAE04EC0-301F-11D3-BF4B-00C04F79EFBC}") = "Th.Templete.Domain", "Src\Th.Templete.Domain\Th.Templete.Domain.csproj", "{0A0CB26B-B3C7-4CBA-9501-A80AFC2D1971}"
EndProject
Project("{FAE04EC0-301F-11D3-BF4B-00C04F79EFBC}") = "Th.Templete.Domain.Shared", "Src\Th.Templete.Domain.Shared\Th.Templete.Domain.Shared.csproj", "{E1105914-64C8-47AB-969E-C031264A352E}"
EndProject
Project("{FAE04EC0-301F-11D3-BF4B-00C04F79EFBC}") = "Th.Templete.Repositories", "Src\Th.Templete.Repositories\Th.Templete.Repositories.csproj", "{ABB1C086-67D8-4EA7-B230-F19EF5B15826}"
EndProject
Project("{FAE04EC0-301F-11D3-BF4B-00C04F79EFBC}") = "Th.Templete.Utils", "Src\Th.Templete.Utils\Th.Templete.Utils.csproj", "{A5325FDF-492D-4FA8-A2FE-6BA56AA41F61}"
EndProject
Global
	GlobalSection(SolutionConfigurationPlatforms) = preSolution
		Debug|Any CPU = Debug|Any CPU
		Debug|x64 = Debug|x64
		Debug|x86 = Debug|x86
		Release|Any CPU = Release|Any CPU
		Release|x64 = Release|x64
		Release|x86 = Release|x86
	EndGlobalSection
	GlobalSection(ProjectConfigurationPlatforms) = postSolution
		{0E4F277F-F95B-4B6C-A0F1-3F62960BFEE4}.Debug|Any CPU.ActiveCfg = Debug|Any CPU
		{0E4F277F-F95B-4B6C-A0F1-3F62960BFEE4}.Debug|Any CPU.Build.0 = Debug|Any CPU
		{0E4F277F-F95B-4B6C-A0F1-3F62960BFEE4}.Debug|x64.ActiveCfg = Debug|Any CPU
		{0E4F277F-F95B-4B6C-A0F1-3F62960BFEE4}.Debug|x64.Build.0 = Debug|Any CPU
		{0E4F277F-F95B-4B6C-A0F1-3F62960BFEE4}.Debug|x86.ActiveCfg = Debug|Any CPU
		{0E4F277F-F95B-4B6C-A0F1-3F62960BFEE4}.Debug|x86.Build.0 = Debug|Any CPU
		{0E4F277F-F95B-4B6C-A0F1-3F62960BFEE4}.Release|Any CPU.ActiveCfg = Release|Any CPU
		{0E4F277F-F95B-4B6C-A0F1-3F62960BFEE4}.Release|Any CPU.Build.0 = Release|Any CPU
		{0E4F277F-F95B-4B6C-A0F1-3F62960BFEE4}.Release|x64.ActiveCfg = Release|Any CPU
		{0E4F277F-F95B-4B6C-A0F1-3F62960BFEE4}.Release|x64.Build.0 = Release|Any CPU
		{0E4F277F-F95B-4B6C-A0F1-3F62960BFEE4}.Release|x86.ActiveCfg = Release|Any CPU
		{0E4F277F-F95B-4B6C-A0F1-3F62960BFEE4}.Release|x86.Build.0 = Release|Any CPU
		{C2FC0D8B-E248-4314-8714-BC26EA719706}.Debug|Any CPU.ActiveCfg = Debug|Any CPU
		{C2FC0D8B-E248-4314-8714-BC26EA719706}.Debug|Any CPU.Build.0 = Debug|Any CPU
		{C2FC0D8B-E248-4314-8714-BC26EA719706}.Debug|x64.ActiveCfg = Debug|Any CPU
		{C2FC0D8B-E248-4314-8714-BC26EA719706}.Debug|x64.Build.0 = Debug|Any CPU
		{C2FC0D8B-E248-4314-8714-BC26EA719706}.Debug|x86.ActiveCfg = Debug|Any CPU
		{C2FC0D8B-E248-4314-8714-BC26EA719706}.Debug|x86.Build.0 = Debug|Any CPU
		{C2FC0D8B-E248-4314-8714-BC26EA719706}.Release|Any CPU.ActiveCfg = Release|Any CPU
		{C2FC0D8B-E248-4314-8714-BC26EA719706}.Release|Any CPU.Build.0 = Release|Any CPU
		{C2FC0D8B-E248-4314-8714-BC26EA719706}.Release|x64.ActiveCfg = Release|Any CPU
		{C2FC0D8B-E248-4314-8714-BC26EA719706}.Release|x64.Build.0 = Release|Any CPU
		{C2FC0D8B-E248-4314-8714-BC26EA719706}.Release|x86.ActiveCfg = Release|Any CPU
		{C2FC0D8B-E248-4314-8714-BC26EA719706}.Release|x86.Build.0 = Release|Any CPU
		{018C95E7-9147-4E1D-85B1-54B43DDA8CC5}.Debug|Any CPU.ActiveCfg = Debug|Any CPU
		{018C95E7-9147-4E1D-85B1-54B43DDA8CC5}.Debug|Any CPU.Build.0 = Debug|Any CPU
		{018C95E7-9147-4E1D-85B1-54B43DDA8CC5}.Debug|x64.ActiveCfg = Debug|Any CPU
		{018C95E7-9147-4E1D-85B1-54B43DDA8CC5}.Debug|x64.Build.0 = Debug|Any CPU
		{018C95E7-9147-4E1D-85B1-54B43DDA8CC5}.Debug|x86.ActiveCfg = Debug|Any CPU
		{018C95E7-9147-4E1D-85B1-54B43DDA8CC5}.Debug|x86.Build.0 = Debug|Any CPU
		{018C95E7-9147-4E1D-85B1-54B43DDA8CC5}.Release|Any CPU.ActiveCfg = Release|Any CPU
		{018C95E7-9147-4E1D-85B1-54B43DDA8CC5}.Release|Any CPU.Build.0 = Release|Any CPU
		{018C95E7-9147-4E1D-85B1-54B43DDA8CC5}.Release|x64.ActiveCfg = Release|Any CPU
		{018C95E7-9147-4E1D-85B1-54B43DDA8CC5}.Release|x64.Build.0 = Release|Any CPU
		{018C95E7-9147-4E1D-85B1-54B43DDA8CC5}.Release|x86.ActiveCfg = Release|Any CPU
		{018C95E7-9147-4E1D-85B1-54B43DDA8CC5}.Release|x86.Build.0 = Release|Any CPU
		{0A0CB26B-B3C7-4CBA-9501-A80AFC2D1971}.Debug|Any CPU.ActiveCfg = Debug|Any CPU
		{0A0CB26B-B3C7-4CBA-9501-A80AFC2D1971}.Debug|Any CPU.Build.0 = Debug|Any CPU
		{0A0CB26B-B3C7-4CBA-9501-A80AFC2D1971}.Debug|x64.ActiveCfg = Debug|Any CPU
		{0A0CB26B-B3C7-4CBA-9501-A80AFC2D1971}.Debug|x64.Build.0 = Debug|Any CPU
		{0A0CB26B-B3C7-4CBA-9501-A80AFC2D1971}.Debug|x86.ActiveCfg = Debug|Any CPU
		{0A0CB26B-B3C7-4CBA-9501-A80AFC2D1971}.Debug|x86.Build.0 = Debug|Any CPU
		{0A0CB26B-B3C7-4CBA-9501-A80AFC2D1971}.Release|Any CPU.ActiveCfg = Release|Any CPU
		{0A0CB26B-B3C7-4CBA-9501-A80AFC2D1971}.Release|Any CPU.Build.0 = Release|Any CPU
		{0A0CB26B-B3C7-4CBA-9501-A80AFC2D1971}.Release|x64.ActiveCfg = Release|Any CPU
		{0A0CB26B-B3C7-4CBA-9501-A80AFC2D1971}.Release|x64.Build.0 = Release|Any CPU
		{0A0CB26B-B3C7-4CBA-9501-A80AFC2D1971}.Release|x86.ActiveCfg = Release|Any CPU
		{0A0CB26B-B3C7-4CBA-9501-A80AFC2D1971}.Release|x86.Build.0 = Release|Any CPU
		{E1105914-64C8-47AB-969E-C031264A352E}.Debug|Any CPU.ActiveCfg = Debug|Any CPU
		{E1105914-64C8-47AB-969E-C031264A352E}.Debug|Any CPU.Build.0 = Debug|Any CPU
		{E1105914-64C8-47AB-969E-C031264A352E}.Debug|x64.ActiveCfg = Debug|Any CPU
		{E1105914-64C8-47AB-969E-C031264A352E}.Debug|x64.Build.0 = Debug|Any CPU
		{E1105914-64C8-47AB-969E-C031264A352E}.Debug|x86.ActiveCfg = Debug|Any CPU
		{E1105914-64C8-47AB-969E-C031264A352E}.Debug|x86.Build.0 = Debug|Any CPU
		{E1105914-64C8-47AB-969E-C031264A352E}.Release|Any CPU.ActiveCfg = Release|Any CPU
		{E1105914-64C8-47AB-969E-C031264A352E}.Release|Any CPU.Build.0 = Release|Any CPU
		{E1105914-64C8-47AB-969E-C031264A352E}.Release|x64.ActiveCfg = Release|Any CPU
		{E1105914-64C8-47AB-969E-C031264A352E}.Release|x64.Build.0 = Release|Any CPU
		{E1105914-64C8-47AB-969E-C031264A352E}.Release|x86.ActiveCfg = Release|Any CPU
		{E1105914-64C8-47AB-969E-C031264A352E}.Release|x86.Build.0 = Release|Any CPU
		{ABB1C086-67D8-4EA7-B230-F19EF5B15826}.Debug|Any CPU.ActiveCfg = Debug|Any CPU
		{ABB1C086-67D8-4EA7-B230-F19EF5B15826}.Debug|Any CPU.Build.0 = Debug|Any CPU
		{ABB1C086-67D8-4EA7-B230-F19EF5B15826}.Debug|x64.ActiveCfg = Debug|Any CPU
		{ABB1C086-67D8-4EA7-B230-F19EF5B15826}.Debug|x64.Build.0 = Debug|Any CPU
		{ABB1C086-67D8-4EA7-B230-F19EF5B15826}.Debug|x86.ActiveCfg = Debug|Any CPU
		{ABB1C086-67D8-4EA7-B230-F19EF5B15826}.Debug|x86.Build.0 = Debug|Any CPU
		{ABB1C086-67D8-4EA7-B230-F19EF5B15826}.Release|Any CPU.ActiveCfg = Release|Any CPU
		{ABB1C086-67D8-4EA7-B230-F19EF5B15826}.Release|Any CPU.Build.0 = Release|Any CPU
		{ABB1C086-67D8-4EA7-B230-F19EF5B15826}.Release|x64.ActiveCfg = Release|Any CPU
		{ABB1C086-67D8-4EA7-B230-F19EF5B15826}.Release|x64.Build.0 = Release|Any CPU
		{ABB1C086-67D8-4EA7-B230-F19EF5B15826}.Release|x86.ActiveCfg = Release|Any CPU
		{ABB1C086-67D8-4EA7-B230-F19EF5B15826}.Release|x86.Build.0 = Release|Any CPU
		{A5325FDF-492D-4FA8-A2FE-6BA56AA41F61}.Debug|Any CPU.ActiveCfg = Debug|Any CPU
		{A5325FDF-492D-4FA8-A2FE-6BA56AA41F61}.Debug|Any CPU.Build.0 = Debug|Any CPU
		{A5325FDF-492D-4FA8-A2FE-6BA56AA41F61}.Debug|x64.ActiveCfg = Debug|Any CPU
		{A5325FDF-492D-4FA8-A2FE-6BA56AA41F61}.Debug|x64.Build.0 = Debug|Any CPU
		{A5325FDF-492D-4FA8-A2FE-6BA56AA41F61}.Debug|x86.ActiveCfg = Debug|Any CPU
		{A5325FDF-492D-4FA8-A2FE-6BA56AA41F61}.Debug|x86.Build.0 = Debug|Any CPU
		{A5325FDF-492D-4FA8-A2FE-6BA56AA41F61}.Release|Any CPU.ActiveCfg = Release|Any CPU
		{A5325FDF-492D-4FA8-A2FE-6BA56AA41F61}.Release|Any CPU.Build.0 = Release|Any CPU
		{A5325FDF-492D-4FA8-A2FE-6BA56AA41F61}.Release|x64.ActiveCfg = Release|Any CPU
		{A5325FDF-492D-4FA8-A2FE-6BA56AA41F61}.Release|x64.Build.0 = Release|Any CPU
		{A5325FDF-492D-4FA8-A2FE-6BA56AA41F61}.Release|x86.ActiveCfg = Release|Any CPU
		{A5325FDF-492D-4FA8-A2FE-6BA56AA41F61}.Release|x86.Build.0 = Release|Any CPU
	EndGlobalSection
	GlobalSection(SolutionProperties) = preSolution
		HideSolutionNode = FALSE
	EndGlobalSection
	GlobalSection(NestedProjects) = preSolution
		{0E4F277F-F95B-4B6C-A0F1-3F62960BFEE4} = {AF690F7F-A3F4-43DA-B488-6723CDB25018}
		{C2FC0D8B-E248-4314-8714-BC26EA719706} = {AF690F7F-A3F4-43DA-B488-6723CDB25018}
		{018C95E7-9147-4E1D-85B1-54B43DDA8CC5} = {AF690F7F-A3F4-43DA-B488-6723CDB25018}
		{0A0CB26B-B3C7-4CBA-9501-A80AFC2D1971} = {AF690F7F-A3F4-43DA-B488-6723CDB25018}
		{E1105914-64C8-47AB-969E-C031264A352E} = {AF690F7F-A3F4-43DA-B488-6723CDB25018}
		{ABB1C086-67D8-4EA7-B230-F19EF5B15826} = {AF690F7F-A3F4-43DA-B488-6723CDB25018}
		{A5325FDF-492D-4FA8-A2FE-6BA56AA41F61} = {AF690F7F-A3F4-43DA-B488-6723CDB25018}
	EndGlobalSection
	GlobalSection(ExtensibilityGlobals) = postSolution
		SolutionGuid = {AA43B5C1-3DC3-40DD-8D22-C56AAC7D498B}
	EndGlobalSection
EndGlobal
